# This file was autogenerated by uv via the following command:
#    uv export --cache-dir .cache/uv --frozen --extra learning --no-emit-project --format requirements-txt --output-file requirements.lock
absl-py==2.5.0 \
    --hash=sha256:0c996f25c0490700fadabe6351630f6111534fa0ae252cc6d2014ea3b141135f \
    --hash=sha256:0f17b89f2a4eaaedc4f28c622998aa690564b3012a396a4ffad0821007fe03ba
    # via tensorboard
arrow==1.4.0 \
    --hash=sha256:749f0769958ebdc79c173ff0b0670d59051a535fa26e8eba02953dc19eb43205 \
    --hash=sha256:ed0cc050e98001b8779e84d461b0098c4ac597e88704a655582b21d116e526d7
    # via isoduration
ast-serialize==0.9.0 \
    --hash=sha256:1514f4a39704e2e815f9fc675fc13f19f694f212086b520110840782cf3c5295 \
    --hash=sha256:161914666a21d48b681982146ac0fa4086ef099d91c637cf595387f5f06aa099 \
    --hash=sha256:1675dc46578298ae00936164a160997801a6ca2385913150d8d16df634296cf3 \
    --hash=sha256:19cde5c2110f7b90ab1210a599178524f6c9f34862b20ba2b9aa7832c67bb35d \
    --hash=sha256:1b779fdaee34d19900a5ba5fd6bd4cefe225650081f9de28de256eacee5113c2 \
    --hash=sha256:1de0933a4c1d104d77d6e75f053f5e628b54cf8f9fea809b8250cb04cda07bd3 \
    --hash=sha256:1e05701fde79affa1cc53e391867f9da3eb03fa8501f87354292796b0f8398fd \
    --hash=sha256:207ac73afa1f4654840593853c130eac2591dd942434176eea33f730afb3359b \
    --hash=sha256:20fce3885eeff05a3d6afefa845c8168016e3ea1f6fc9cdc84c8db28b863a550 \
    --hash=sha256:2223ead73b5a5399d39610cf9c4164ad0b2bf2025226626b87ae15226d93d3f7 \
    --hash=sha256:25c8d517c45cf2b1820fc2af6ac593783654818f79d05646d25d624360678a4e \
    --hash=sha256:30651ccdec6d23c49ee4711b1a1096d8dbd3be38eecf2f09fdd98a608ce7ac24 \
    --hash=sha256:383f56e3ae925f154632458f01b4bfcde3dd382f3ec04f5c7f6d72f76524ff48 \
    --hash=sha256:4411d1cba9eeecb301365343a7e96813b4a44fcdb20181557867ff7e751804cf \
    --hash=sha256:4c522377f383670abfe21c94edc3032cb3bd34d8fcacd280fa9556907d4edd4b \
    --hash=sha256:4cd886f6e900f5e13f758cb8ef359652e690e4f3f9c257a7269e095940534167 \
    --hash=sha256:4db7f524eaa857fbe650cac33b9cedb5ccda14393d40f640b75dfb06aa13c98c \
    --hash=sha256:54f0babed5e2a4eb86a0716ac612aff33f933e7572e5bc067adcdbe672a26321 \
    --hash=sha256:5a4dd005d4095a13eb312dc712c943c7730f262b000a87df963925328a38ffdb \
    --hash=sha256:6b7c5f5838408fb000d76abd14e886836412b7ec7eccd028dbb5ed5819780008 \
    --hash=sha256:6c428444656cffbd32c1e76626c6eec5237b58c8fcb0b5d3df75941cd50c4f3c \
    --hash=sha256:74473258a5c55855d5306c864a5c799fbff03a0f0ea1197346b2b5cc5b4ea48a \
    --hash=sha256:79fe8be1c934aa572940d1811d8dbe4d1b6f22291e3f16755c9b062e9ac92fb7 \
    --hash=sha256:871fb7c5b049897ee137b67efad7fe4545ad270f7eccd970da877833f8e63aa7 \
    --hash=sha256:9482672ca8ec09f85cd050a053fb88c30c882c8e20ce7a140d8defe19c0ef2eb \
    --hash=sha256:9ae01129e2cc5d57a3c434d8a990019de039350310a2e1dd3c9f61311964cf25 \
    --hash=sha256:a6a568d1d489f0669a31aed90ca4845aa7f08e1b8cd5d05e1905dbdc3ae9b2b0 \
    --hash=sha256:aed6e413c6c22a23c33c47a01dd2adce01d7a7ed408748e896903f47d0a1aa47 \
    --hash=sha256:b373beff65b01fcffca5aaad3269ae629f3a998b09efdd3635e48039008a5dec \
    --hash=sha256:b5c3724faf780e25def89c369eb6340a15dff06ac348160c61781e2373a4cd10 \
    --hash=sha256:b9ef3d4173907bd19aa8f1683be9f06e7862e6cdf2ca6bca3633305c0df32063 \
    --hash=sha256:bb378efb5537b43f38660e2e6d6e138a40885cf191d43443bb3ff7ff47e9cd9b \
    --hash=sha256:d013c36eb2f2ac0cb7d4d0e79918a92ab00fbce8f1542fe47f34a46e06168f82 \
    --hash=sha256:d2a37795a90809da6094825e7063118b4cf723b8701b134973b4566ed8b9ea09 \
    --hash=sha256:d9a46caf5e3f2cd266e8638b2f4ea8bf54cf376f015f8418397b4633fdb38e9b \
    --hash=sha256:dac690f99538d9df0d23ce0299e946add2744b007a36b480a292fe361c82553d \
    --hash=sha256:f3f0f3359cf0f22bf096b07021ffe6bf0ec88ac8a2cf7ce5f4701af973112faa
    # via mypy
attrs==26.1.0 \
    --hash=sha256:c647aa4a12dfbad9333ca4e71fe62ddc36f4e63b2d260a37a8b83d2f043ac309 \
    --hash=sha256:d03ceb89cb322a8fd706d4fb91940737b6642aa36998fe130a9bc96c985eff32
    # via
    #   jsonschema
    #   referencing
boolean-py==5.0 \
    --hash=sha256:60cbc4bad079753721d32649545505362c754e121570ada4658b852a3a318d95 \
    --hash=sha256:ef28a70bd43115208441b53a045d1549e2f0ec6e3d08a9d142cbc41c1938e8d9
    # via license-expression
cachecontrol==0.14.4 \
    --hash=sha256:b7ac014ff72ee199b5f8af1de29d60239954f223e948196fa3d84adaffc71d2b \
    --hash=sha256:e6220afafa4c22a47dd0badb319f84475d79108100d04e26e8542ef7d3ab05a1
    # via pip-audit
certifi==2026.7.22 \
    --hash=sha256:62f22742b58a1a33014a2b6b706588a8d7e2a88ae7bd1a6ebe8c992928483775 \
    --hash=sha256:741e2c3b351ddf169a738da9f2c048608ff7f2c5cc02f1ebc6b118bb090d5d55
    # via requests
charset-normalizer==3.5.1 \
    --hash=sha256:0722590aabf9dc6a6c0343d523c05458fa2b5047dbe6302fd526bb570600753f \
    --hash=sha256:0b2b1b3fa5670c127b246df1d0c059defd41f689a868a3b9d79df9b1cac42d22 \
    --hash=sha256:2f293479cce755c75f1697e87c409b7ae4c555c7dfecb6e988ad13abba943031 \
    --hash=sha256:343fb4f2821043bd87095f7b08a1a181febc8e36ac64212143bbfd0a0e1bc235 \
    --hash=sha256:3588e376b3ea2eea84976f67273d679f229e24c66dce7b82ae45aef04ff6e072 \
    --hash=sha256:36047af20e17097c3bb9476c2b7655f2f7aa51322c0ba58c07695bedf755a950 \
    --hash=sha256:3d27167433c0d5f18dc850f07d0b3816221984fecdc405d6c157a6f0b8f8e9e6 \
    --hash=sha256:41876ee62a3dddf48ff1121ad8f0798032aa03f2fd35f21f34a4cab14f18d8d2 \
    --hash=sha256:4b599739b93b2cbeded49645ae3c8d1405c29ddfbceac1545c87a3f9580a9e96 \
    --hash=sha256:4c4fb141a727957c93edfe5c32a26ceb6b5f6461d67146e2d39f51e16170bea8 \
    --hash=sha256:6117b84ea48435e5356dc737f5121485c30920ba43375fa7b434fd753df0eac3 \
    --hash=sha256:6ba32c4d2abf1d2fe7cf27d280f4cca5664233b0f885549c7761719eb977f486 \
    --hash=sha256:6df0ec430f9a831772c23ca5a224cba36517a58a84bb32c32bb59a9fa67c47f6 \
    --hash=sha256:6e2912d4babbc65196ac13c2f53468dc57fb8b9c25ef913e8c59ddf7c6dc0e1b \
    --hash=sha256:6e5e4d73d588ca5ed09df1b7dcd1b203d1df3c542e3f50d126c947d432b10731 \
    --hash=sha256:70055ff39b97c99e7ae40ea3e393fb62aa2e44dbd9b29f8d14f42fb0025c3959 \
    --hash=sha256:87e4f41d375c0b9be2fb5251aee4b8a689169e134535aed81bf085c3b647451e \
    --hash=sha256:a2028475ba855475b8b4d3cfeb4994269c967aea8b9892dfba907f4263a863a3 \
    --hash=sha256:a6dac12ff6b846103483683f60c5f8fee205121adc58ffd87e90a90a3af69e99 \
    --hash=sha256:aa1099b956fb795e686d073568f6dc002a0bb89765ea6d5b055dd7d9bf1b116c \
    --hash=sha256:aa2bb0b37202dca27175591f761108b5d34096ade1191ffe4808bdf6b1571488 \
    --hash=sha256:ac00177c4831ffa650f8609e4bdddd5fe09c03b1c0c47acece7e6ea20421598b \
    --hash=sha256:ae31a1a1db2ee6cc2942fccaf695c934bc7f3db9f2133a3fef1f367cf1a4ab10 \
    --hash=sha256:ae4a097991662cd4fff0ddc74e0fe7874f82e00042fa0ea00855645ed0c79598 \
    --hash=sha256:b39b69b347e5e47a3b5b8cfc005c68c1ba347474e3960236c4944a8ecd174962 \
    --hash=sha256:b54e7e13267d49ffbfe68e25b3cbd774dab38fa37238f71265e91b36146eb21c \
    --hash=sha256:bd6c173f04743d483881bffa1478d5a4624475b8cd1d2194956a75548e191c18 \
    --hash=sha256:c7b742bf31c88566b4bb6335a7f393bb322e580b6bb98df7bd0c25e6e3519ce8 \
    --hash=sha256:cee5dd7c6fb5dd52a0fe2a740f9bc6e3593f5f8b1788bde49de02086f30182b2 \
    --hash=sha256:dd732602a7009217f658d5863d12d79d373a4de0eebc111094bcdd3bb8e0a6cc \
    --hash=sha256:e199fb99720074809a7720f1c0b4d919eea8b87e88713e0f8f602f7bef543d9d \
    --hash=sha256:eda059b6bc8bc0812d626fd91a7ce01bf583df0a61296eff390fd94141a34e30 \
    --hash=sha256:f298e218441525d3794428b4c8b8fb8662c6d3ea79925d4807ee6b9a96a3bca5 \
    --hash=sha256:f9b1e28d0e8dbfa858abdba91d6b547beaf2df1a59bec6da6faae7b96a4991a9
    # via requests
cloudpickle==3.1.2 \
    --hash=sha256:7fda9eb655c9c230dab534f1983763de5835249750e85fbcef43aaa30a9a2414 \
    --hash=sha256:9acb47f6afd73f60dc1df93bb801b472f05ff42fa6c84167d25cb206be1fbf4a
    # via
    #   gymnasium
    #   stable-baselines3
colorama==0.4.6 ; sys_platform == 'win32' \
    --hash=sha256:08695f5cb7ed6e0531a20572697297273c47b8cae5a63ffc6d6ed5c201be6e44 \
    --hash=sha256:4f1d9991f5acc0ca119f9d443620b77f9d6b33703e51011c16baf57afb285fc6
    # via pytest
cuda-bindings==13.3.1 ; sys_platform == 'linux' \
    --hash=sha256:04436a9364059c84b8f9636f359eccda1cf814341f5b670c71d80d2f79dbc708 \
    --hash=sha256:c5879712accf6e14bb01aa5e67440eb84998b8d104b509cc7a6dc0b8f656a474
    # via torch
cuda-pathfinder==1.8.1 ; sys_platform == 'linux' \
    --hash=sha256:ae0137ff9e56ea97499bcbf54f5f2778ec25f3266715ac86da192a795af982a8
    # via cuda-bindings
cuda-toolkit==13.0.3.0 ; sys_platform == 'linux' \
    --hash=sha256:d693caaa261214ddd7dbb60d68e71cbed884e68c2be7509778f3051da0b91c3f
    # via torch
cyclonedx-python-lib==11.12.0 \
    --hash=sha256:0e807521a921a5c3cb8ce1153f8a61d29eedfe76a46aac2796b7c6b573391a54 \
    --hash=sha256:16767c4039de90c04e9f03348f8f0ed4b8ff842eaa7eefcad3a95685f970dacf
    # via pip-audit
defusedxml==0.7.1 \
    --hash=sha256:1bb3032db185915b62d7c6209c5a8792be6a32ab2fedacc84e01b52c51aa3e69 \
    --hash=sha256:a352e7e428770286cc899e2542b6cdaedb2b4953ff269a210103ec58f6198a61
    # via py-serializable
farama-notifications==0.0.6 \
    --hash=sha256:b19acac4bb41d76e59e03394b5dd165f4761c86fa327f56307a35cbee3b60158 \
    --hash=sha256:f84839188efa1ce5bb361c2a84881b2dc2c0d0d7fb661ff00421820170930935
    # via gymnasium
fastjsonschema==2.22.2 \
    --hash=sha256:0fb3915616adac85ccfdd737d26be1089845d2019819505b42d39888458f74d4 \
    --hash=sha256:72064e12356a7d6ef02165be2946b9abadbdf238536e07eb587e3dbaa33099cf
    # via nbformat
filelock==3.32.5 \
    --hash=sha256:142cd9fa77a872c5e78c62329a0d15278fadc686eb89e760017968961a4fd6b2 \
    --hash=sha256:f6a6a28f743f9b95ce19db5abe0f376f75eb56517dff21e1a4751e2657d3e83d
    # via
    #   cachecontrol
    #   torch
flatbuffers==25.12.19 \
    --hash=sha256:7634f50c427838bb021c2d66a3d1168e9d199b0607e6329399f04846d42e20b4
    # via onnxruntime
fqdn==1.5.1 \
    --hash=sha256:105ed3677e767fb5ca086a0c1f4bb66ebc3c100be518f0e0d755d9eae164d89f \
    --hash=sha256:3a179af3761e4df6eb2e026ff9e1a3033d3587bf980a0b1b2e1e5d08d7358014
    # via jsonschema
fsspec==2026.7.0 \
    --hash=sha256:b57ddbafedfaef7018c1ecab32aa200a9d7ca26b77965f64e48b70061249d279 \
    --hash=sha256:c803c40f4cf860b49dea58ee3e1c33cb9c790520e233537e1340049f89b82a88
    # via torch
grpcio==1.83.1 \
    --hash=sha256:05ba265193fbd9f63355311ec7567bba32a72aeb8e9fd7b3443e4fcad87b0750 \
    --hash=sha256:0d07661944477517b12a239e18720c8d9038f80a62f2c56260fae80327f43d2a \
    --hash=sha256:145b0050d24eb38accd9dc7ae09a3c09b8e7330159f3cfb46b1dba8711d50c42 \
    --hash=sha256:34f1841fc6d1d76f8a2d74177eafa2d1ec7d7e039633488c9fcc1b375a1fc165 \
    --hash=sha256:547645f02499c972f3edec9be4db9997f1d03df307c1c199772342ed6d8b3c6d \
    --hash=sha256:5cce1d9fe2887239f054dc9c314597e04f33d2e6bd3150a91c4946d7e5be5d98 \
    --hash=sha256:907a5e5afb31f7a46376afc1a1edddd7afa00a74bbbc5b78979bbc34479581f6 \
    --hash=sha256:9cee6fcbf2eb57c4b49451787bfa87be8efc1ca02a0b327dd4b54d44502e362b \
    --hash=sha256:e572da3e247b28a98f46636d33c756e81ffb0f5def96c231ba45332333060595 \
    --hash=sha256:e844cdb25c3c93c7572e0a37137c12305efea493be4eb65801b3ee93f180c186 \
    --hash=sha256:f732feb060ef57c1a040c24cee072ba9fab99bd0a7d2c916ef3f1c4d84b98974
    # via tensorboard
gymnasium==1.3.0 \
    --hash=sha256:6939e86e835d6b71b6ba6bfd360487420876deafc79bfb7bacba83a7c446bcf3 \
    --hash=sha256:6b8c159a8540dcbcb221722d7efda24d78ebbcbc3bd2ea1c2611aa2a34471fc2
    # via
    #   aerorl-3d
    #   stable-baselines3
idna==3.19 \
    --hash=sha256:5e0811a4383b21dc5838069f801c4fb62113b7447663d2530d2bd6e77b49bf15 \
    --hash=sha256:815e7be7a7806d54abb586dc943addc79e8b2ee16915059658cbeff4b1b43bf4
    # via
    #   jsonschema
    #   requests
iniconfig==2.3.0 \
    --hash=sha256:c76315c77db068650d49c5b56314774a7804df16fee4402c1f19d6d15d8c4730 \
    --hash=sha256:f631c04d2c48c52b84d0d0549c99ff3859c98df65b3101406327ecc7d53fbf12
    # via pytest
isoduration==20.11.0 \
    --hash=sha256:ac2f9015137935279eac671f94f89eb00584f940f5dc49462a0c4ee692ba1bd9 \
    --hash=sha256:b2904c2a4228c3d44f409c8ae8e2370eb21a26f7ac2ec5446df141dde3452042
    # via jsonschema
jinja2==3.1.6 \
    --hash=sha256:0137fb05990d35f1275a587e9aee6d56da821fc83491a0fb838183be43f66d6d \
    --hash=sha256:85ece4451f492d0c13c5dd7c13a64681a86afae63a5f347908daf103ce6d2f67
    # via torch
jsonpointer==3.1.1 \
    --hash=sha256:0b801c7db33a904024f6004d526dcc53bbb8a4a0f4e32bfd10beadf60adf1900 \
    --hash=sha256:8ff8b95779d071ba472cf5bc913028df06031797532f08a7d5b602d8b2a488ca
    # via jsonschema
jsonschema==4.26.0 \
    --hash=sha256:0c26707e2efad8aa1bfc5b7ce170f3fccc2e4918ff85989ba9ffa9facb2be326 \
    --hash=sha256:d489f15263b8d200f8387e64b4c3a75f06629559fb73deb8fdfb525f2dab50ce
    # via
    #   aerorl-3d
    #   nbformat
jsonschema-specifications==2025.9.1 \
    --hash=sha256:98802fee3a11ee76ecaca44429fda8a41bff98b00a0f2838151b113f210cc6fe \
    --hash=sha256:b540987f239e745613c7a9176f3edb72b832a4ac465cf02712288397832b5e8d
    # via jsonschema
jupyter-core==5.9.1 \
    --hash=sha256:4d09aaff303b9566c3ce657f580bd089ff5c91f5f89cf7d8846c3cdf465b5508 \
    --hash=sha256:ebf87fdc6073d142e114c72c9e29a9d7ca03fad818c5d300ce2adc1fb0743407
    # via nbformat
librt==0.15.0 ; platform_python_implementation != 'PyPy' \
    --hash=sha256:256237037a3ab001ae8d9803b2d43562a4c3aa38739843694349e4d5ebb0fd56 \
    --hash=sha256:4388184646efe2054911c5b00a1077d6d1ee86a95b7e8ba96dc7850a809f3f40 \
    --hash=sha256:4e66cbe84437497d951b799d3e1551291b6fb3d643820a7014b3655d57a59162 \
    --hash=sha256:57f5eeb6ad4c180de583b1038e61fe5fbd9796bb69a8a1c1a0c7ddbec4c8c60f \
    --hash=sha256:6c6624fe268625869485553dd7cc1daf30d22558215bb2a4ff16f67a9801a31a \
    --hash=sha256:814ff83a25b5fce8b9c80c4dd803153fb5c5599fc74db9e022466938368957ef \
    --hash=sha256:823b92cf3c18ecd08afc70c42473888b41b6e8ef5046f3b82c05c154a2fa3d22 \
    --hash=sha256:82909c8f7eb9952656b65d3147afde4cf8e6d5a991eebc86418b5e65843b0ab8 \
    --hash=sha256:83380ffde38062a2e9bb55d83e74474f6614665528b98a6928720fc006dfffbb \
    --hash=sha256:97335f59082f9fe2ce6c2a9cc6433a0114bbb6cd4d5c09dd76c95c68b9f9a8b0 \
    --hash=sha256:bac89069bc496ebdf4f79ebb57bbd10d0b214c8454225deb672d91002bd17e18 \
    --hash=sha256:c70bc1b602cf59917e8f0c7a2cbc8bcc6fbc14d5486136b00707a79619121d63 \
    --hash=sha256:e0d00c708fb2f5822b152429b1ac80a58dbbbc3f6c232c4d13a3f7fcf2ea5b4c \
    --hash=sha256:f56b397858a23dacf35ede366ed2212fdc03a6a57a1ad36468ad6e9dc5fac091 \
    --hash=sha256:f75720477ee05d509a310e856cacc8d909adc182f7b91193c207bcc26d7ee6db \
    --hash=sha256:f779070399f991400fc451719e0ea388eb7de313388bada2c127a35de05f798a
    # via mypy
license-expression==30.4.4 \
    --hash=sha256:421788fdcadb41f049d2dc934ce666626265aeccefddd25e162a26f23bcbf8a4 \
    --hash=sha256:73448f0aacd8d0808895bdc4b2c8e01a8d67646e4188f887375398c761f340fd
    # via cyclonedx-python-lib
markdown==3.10.3 \
    --hash=sha256:3589362618f743188b4d955b874402bc814f4f83f544dc207719f4baa7d9c45f \
    --hash=sha256:fa6c92a00a4a3c98b22728c64a935ae1928250ae65058a6ded814d2cc29a4cea
    # via tensorboard
markdown-it-py==4.2.0 \
    --hash=sha256:04a21681d6fbb623de53f6f364d352309d4094dd4194040a10fd51833e418d49 \
    --hash=sha256:9f7ebbcd14fe59494226453aed97c1070d83f8d24b6fc3a3bcf9a38092641c4a
    # via rich
markupsafe==3.0.3 \
    --hash=sha256:068f375c472b3e7acbe2d5318dea141359e6900156b5b2ba06a30b169086b91a \
    --hash=sha256:0bf2a864d67e76e5c9a34dc26ec616a66b9888e25e7b9460e1c76d3293bd9dbf \
    --hash=sha256:0db14f5dafddbb6d9208827849fad01f1a2609380add406671a26386cdf15a19 \
    --hash=sha256:1cc7ea17a6824959616c525620e387f6dd30fec8cb44f649e31712db02123dad \
    --hash=sha256:3b562dd9e9ea93f13d53989d23a7e775fdfd1066c33494ff43f5418bc8c58a5c \
    --hash=sha256:4bd4cd07944443f5a265608cc6aab442e4f74dff8088b0dfc8238647b8f6ae9a \
    --hash=sha256:6b5420a1d9450023228968e7e6a9ce57f65d148ab56d2313fcd589eee96a7a50 \
    --hash=sha256:722695808f4b6457b320fdc131280796bdceb04ab50fe1795cd540799ebe1698 \
    --hash=sha256:7be7b61bb172e1ed687f1754f8e7484f1c8019780f6f6b0786e76bb01c2ae115 \
    --hash=sha256:bc51efed119bc9cfdf792cdeaa4d67e8f6fcccab66ed4bfdd6bde3e59bfcbb2f \
    --hash=sha256:de8a88e63464af587c950061a5e6a67d3632e36df62b986892331d4620a35c01 \
    --hash=sha256:f9e130248f4462aaa8e2552d547f36ddadbeaa573879158d721bbd33dfe4743a
    # via
    #   jinja2
    #   werkzeug
mdurl==0.1.2 \
    --hash=sha256:84008a41e51615a49fc9966191ff91509e3c40b939176e643fd50a5c2196b8f8 \
    --hash=sha256:bb413d29f5eea38f31dd4754dd7377d4465116fb207585f97bf925588687c1ba
    # via markdown-it-py
ml-dtypes==0.6.0 \
    --hash=sha256:3035518e3e19add1a4cac9236ab22888b208a4074912514313ccb2d6d242cde8 \
    --hash=sha256:5a519c9e95a216fbcb8e759793ef7fb40793fc803ed839142d6dc5be9be5bc89 \
    --hash=sha256:5e60251d32ced5598972e4d5e06a2f044341f9291402551a3f6f0ec44f9299b0 \
    --hash=sha256:6c8e39b53e90afda8ce52859c93de4dba3e02b76d85dcf091cc469f9184c6dae \
    --hash=sha256:7728c0420ec1c338564fc8b01015ff2d58567e70f17fedce5a0a7c0308c0d5b9 \
    --hash=sha256:f4f59f83c82ab480e924b988e7b1b4eb4de836dfcf5390c6f59148d1a00e1d02
    # via onnx
mpmath==1.3.0 \
    --hash=sha256:7a28eb2a9774d00c7bc92411c19a89209d5da7c4c9a9e227be8330a23a25b91f \
    --hash=sha256:a0b2b9fe80bbcd81a6647ff13108738cfb482d481d826cc0e02f5b35e5c88d2c
    # via sympy
msgpack==1.2.2 \
    --hash=sha256:0883a1578168929fd1640fbbc4614773f1a130e419a8a817dc2918d9af1b651c \
    --hash=sha256:336525cc2688e43ea77dfb1a4ce012c8cde561835913801dbfcfdcf4111d8abb \
    --hash=sha256:42fd9260416885b4815caca5bdd14dfd5dda6cdade732d6c09104ef8f6228761 \
    --hash=sha256:4955accbd87f27beebef5f3ecc27503aa74cb016fb4f640868e749fd93194a35 \
    --hash=sha256:7fe374ba76eb0ecca13a1703daa8fa85825a6ddddbb52d4c1a732fa524194683 \
    --hash=sha256:8b1415d02e9bf722672af8a90f90813265a0cd0b14163187261e54a5592bc949 \
    --hash=sha256:9d7fb25b4442fae0cb2590272d06ab4f6caa526ee36a994edb81e946b874813e \
    --hash=sha256:9eb0b0e602064527a045ea28c4f174ed69383587e29cebe28947e3b84106eb2a \
    --hash=sha256:b9b0c1f2aa7b0026b4bd50718100e8b04175e4f36e160aa852502377b5e572e7 \
    --hash=sha256:cdb6cc6e1127d15879c47a8b3270716243da82d3e7feab1f5946872c75b3d60f \
    --hash=sha256:cf66fb38703e61a486b01b56d43bb1f50698fbe99b6bd90feba10f24fab60b3b \
    --hash=sha256:f11e09f10210a91c169e39c7a5a1f9090eaa73ad75555fafad5023c3053c47ba
    # via cachecontrol
mypy==2.3.1 \
    --hash=sha256:47c1b1207258513a9d93495f69c8be9de73916186f0e52703e8c461b7a623419 \
    --hash=sha256:52eaf3a155f35cf80b40220288c861eb45f14a2340c1f6cbfbdb0feff32879d1 \
    --hash=sha256:6ed5c7e3419083268e5c9258bd1c1ef91af44a9e89374dbcaf37b775716e72eb \
    --hash=sha256:94f04929f1c44c35fb0061e912087edaf504acede963a4a7d00680bd089d8531 \
    --hash=sha256:9b4eacbee8a69836c06eff6d0dd4e134a07c2b047755b30c08625fe214f322c6 \
    --hash=sha256:b091a455111214cb5c9d54a57b9618e9a49f9fe2a42e4e1ac86e9d104ed96ce8 \
    --hash=sha256:df12e20c9efd614738c71b390007ecd0181125afc4ccafca04d78a1d2eed2c01 \
    --hash=sha256:f5d716048611e85ca9eefb2e1baa5d73ede389b5820ded260ea27c757d667af8
mypy-extensions==1.1.0 \
    --hash=sha256:1be4cccdb0f2482337c4743e60421de3a356cd97508abadd57d47403e94f5505 \
    --hash=sha256:52e68efc3284861e772bbcd66823fde5ae21fd2fdb51c62a211403730b916558
    # via mypy
narwhals==2.25.0 \
    --hash=sha256:1f0f403e8c7e4463cde9bfe78b12fdd809e3ae3dda6d9b2f802934fb9c7a6a8f \
    --hash=sha256:62c036c810662bf7820b7737077176313bc59350eeeefb808510f388c743e4b2
    # via plotly
nbformat==5.11.1 \
    --hash=sha256:32d4521c68c6e7d5b29c76defaeed9f42ea733142b9b19f88277ce10390b9c4d \
    --hash=sha256:cc6698fa75f4fab8755ead786317815f13a6fee3b53311c0abb1a8b51d52f7ec
networkx==3.6.1 \
    --hash=sha256:26b7c357accc0c8cde558ad486283728b65b6a95d85ee1cd66bafab4c8168509 \
    --hash=sha256:d47fbf302e7d9cbbb9e2555a0d267983d2aa476bac30e90dfbe5669bd57f3762
    # via torch
numpy==2.4.6 \
    --hash=sha256:0280e0356c0829a18d9de1cb7eee50ec22ca639878d7240307ca0943d73cd2c4 \
    --hash=sha256:0ab0a9c4ffb1a6d95ef519fe4247dba8eb6b18ad93999f76b7f657039acabd47 \
    --hash=sha256:110f8b71aacb688ec69062bb7f6938a0f8acb01b7c1c4beb453c65b6d234584d \
    --hash=sha256:1e254a00cdf42b1e4d5b3d68d33af63268d41340d8885df2ab6470f2e1500147 \
    --hash=sha256:2803abfebfc990042cd494d8ce2d5f82e9d847af6d35ec486923aa19dbad5e73 \
    --hash=sha256:4cfe66903cc32a9921a6733d96b19bb6abf310397581bbad89c228f5abaf0ee8 \
    --hash=sha256:55cced7c52e981362f708ad635198e97a752dfba412cc03c23bbf3bd8d5cd662 \
    --hash=sha256:5dbbdb29840ca3d91ee0fece42fc29278886d908280bfec0a5846c6f901a3eb0 \
    --hash=sha256:68a5124b13fa6cc2086764a20005d30bc0548146f7f5322f02fce212ca14317f \
    --hash=sha256:8155154c7c691289fe18f510b5d4657c68c67989f293f0535a91360392ff6538 \
    --hash=sha256:89cd468399cfd2504718f0ba50e410dca55a170b61a02ad92bb18c8a65186e93 \
    --hash=sha256:8ad03c0965fb3c692200e74d458ca28c1dbb4ce96f9a479a8aa041ad5fabca02 \
    --hash=sha256:948424b06129ce883307e8cff868c31396d8dc7630a59c61d70d98dbe70f222c \
    --hash=sha256:c2d37ab77531417474168eb79d6d80b14f821a966818505d03013d0833edb7a8 \
    --hash=sha256:d6da64deb6b8ed903e7560180a92f2d804ee1ba5eeb849ac2748b8c1aba1f6d7 \
    --hash=sha256:ddea102b48f9e339f3948bf22040944184627a30fdf7f858667673b9c5f033c8 \
    --hash=sha256:ed9749eef4cbd126da3dc1d6bcb3a57f5eb7ac6a6484146bdbf743f552dfc577 \
    --hash=sha256:f3a3570c4a2a16746ac2c31a7c7c7b0c186b95ce902e33db6f28094ed7387dda \
    --hash=sha256:f407cb6b8e9d6d8c626bc73c945db1706035af8fd632295547bf1c9e46d092d6
    # via
    #   aerorl-3d
    #   gymnasium
    #   ml-dtypes
    #   onnx
    #   onnxruntime
    #   stable-baselines3
    #   tensorboard
nvidia-cublas==13.1.1.3 ; sys_platform == 'linux' \
    --hash=sha256:37936a16db8fe4ac1f065c2139360608a543a09275cb1a1af612e08cfa065436 \
    --hash=sha256:b7a210458267ac818974c53038fbec2e969d5c99f305ab15c72522fa9f001dd5
    # via
    #   cuda-toolkit
    #   nvidia-cudnn-cu13
    #   nvidia-cusolver
nvidia-cuda-cupti==13.0.85 ; (platform_machine == 'aarch64' and sys_platform == 'linux') or (platform_machine == 'x86_64' and sys_platform == 'linux') \
    --hash=sha256:4eb01c08e859bf924d222250d2e8f8b8ff6d3db4721288cf35d14252a4d933c8 \
    --hash=sha256:796bd679890ee55fb14a94629b698b6db54bcfd833d391d5e94017dd9d7d3151
    # via cuda-toolkit
nvidia-cuda-nvrtc==13.0.88 ; sys_platform == 'linux' \
    --hash=sha256:ad9b6d2ead2435f11cbb6868809d2adeeee302e9bb94bcf0539c7a40d80e8575 \
    --hash=sha256:d27f20a0ca67a4bb34268a5e951033496c5b74870b868bacd046b1b8e0c3267b
    # via
    #   cuda-toolkit
    #   nvidia-cublas
nvidia-cuda-runtime==13.0.96 ; (platform_machine == 'aarch64' and sys_platform == 'linux') or (platform_machine == 'x86_64' and sys_platform == 'linux') \
    --hash=sha256:7f82250d7782aa23b6cfe765ecc7db554bd3c2870c43f3d1821f1d18aebf0548 \
    --hash=sha256:ef9bcbe90493a2b9d810e43d249adb3d02e98dd30200d86607d8d02687c43f55
    # via cuda-toolkit
nvidia-cudnn-cu13==9.24.0.43 ; sys_platform == 'linux' \
    --hash=sha256:71f181cd810e90f9b6023b01186fe82d13d65f0ec098581ee201d39fad769e4b \
    --hash=sha256:a6812a554a1ff0413e9c52b84c26c050380649ab9615f9c16bded368ce9f421f
    # via torch
nvidia-cufft==12.0.0.61 ; (platform_machine == 'aarch64' and sys_platform == 'linux') or (platform_machine == 'x86_64' and sys_platform == 'linux') \
    --hash=sha256:2708c852ef8cd89d1d2068bdbece0aa188813a0c934db3779b9b1faa8442e5f5 \
    --hash=sha256:6c44f692dce8fd5ffd3e3df134b6cdb9c2f72d99cf40b62c32dde45eea9ddad3
    # via cuda-toolkit
nvidia-cufile==1.15.1.6 ; (platform_machine == 'aarch64' and sys_platform == 'linux') or (platform_machine == 'x86_64' and sys_platform == 'linux') \
    --hash=sha256:08a3ecefae5a01c7f5117351c64f17c7c62efa5fffdbe24fc7d298da19cd0b44 \
    --hash=sha256:bdc0deedc61f548bddf7733bdc216456c2fdb101d020e1ab4b88d232d5e2f6d1
    # via cuda-toolkit
nvidia-curand==10.4.0.35 ; (platform_machine == 'aarch64' and sys_platform == 'linux') or (platform_machine == 'x86_64' and sys_platform == 'linux') \
    --hash=sha256:133df5a7509c3e292aaa2b477afd0194f06ce4ea24d714d616ff36439cee349a \
    --hash=sha256:1aee33a5da6e1db083fe2b90082def8915f30f3248d5896bcec36a579d941bfc
    # via cuda-toolkit
nvidia-cusolver==12.0.4.66 ; (platform_machine == 'aarch64' and sys_platform == 'linux') or (platform_machine == 'x86_64' and sys_platform == 'linux') \
    --hash=sha256:02c2457eaa9e39de20f880f4bd8820e6a1cfb9f9a34f820eb12a155aa5bc92d2 \
    --hash=sha256:0a759da5dea5c0ea10fd307de75cdeb59e7ea4fcb8add0924859b944babf1112
    # via cuda-toolkit
nvidia-cusparse==12.6.3.3 ; (platform_machine == 'aarch64' and sys_platform == 'linux') or (platform_machine == 'x86_64' and sys_platform == 'linux') \
    --hash=sha256:2b3c89c88d01ee0e477cb7f82ef60a11a4bcd57b6b87c33f789350b59759360b \
    --hash=sha256:80bcc4662f23f1054ee334a15c72b8940402975e0eab63178fc7e670aa59472c
    # via
    #   cuda-toolkit
    #   nvidia-cusolver
nvidia-cusparselt-cu13==0.8.1 ; sys_platform == 'linux' \
    --hash=sha256:4dca476c50bf4780d46cd0bfbd82e2bc10a08e4fef7950917ce8d7578d22a23f \
    --hash=sha256:786ce87568c303fadb5afcc7102d454cd3040d75f6f8626f5db460d1871f4dd0
    # via torch
nvidia-nccl-cu13==2.30.7 ; sys_platform == 'linux' \
    --hash=sha256:ca786ffa5a647c75d4d1f5cc72a6c4f537947e2ba8823d7c8aaf768e7a7b9f77 \
    --hash=sha256:cefa7fdb9710efd0f39c5f1be1d61ff6fc9a996c451265bd7fbdcf9455ed4b50
    # via torch
nvidia-nvjitlink==13.3.33 ; (platform_machine == 'aarch64' and sys_platform == 'linux') or (platform_machine == 'x86_64' and sys_platform == 'linux') \
    --hash=sha256:26a6de7fb4c8fdaa7703d3dad720d6d427ddfea5c48a528fd97c11733ad830e5 \
    --hash=sha256:ce48b37dfeb3cb1eae4cf85adacb47d7a6539ea2272870c9a3628ce275c2037e
    # via
    #   cuda-toolkit
    #   nvidia-cufft
    #   nvidia-cusolver
    #   nvidia-cusparse
nvidia-nvshmem-cu13==3.4.5 ; sys_platform == 'linux' \
    --hash=sha256:290f0a2ee94c9f3687a02502f3b9299a9f9fe826e6d0287ee18482e78d495b80 \
    --hash=sha256:6dc2a197f38e5d0376ad52cd1a2a3617d3cdc150fd5966f4aee9bcebb1d68fe9
    # via torch
nvidia-nvtx==13.0.85 ; (platform_machine == 'aarch64' and sys_platform == 'linux') or (platform_machine == 'x86_64' and sys_platform == 'linux') \
    --hash=sha256:4936d1d6780fbe68db454f5e72a42ff64d1fd6397df9f363ae786930fd5c1cd4 \
    --hash=sha256:cb7780edb6b14107373c835bf8b72e7a178bac7367e23da7acb108f973f157a6
    # via cuda-toolkit
onnx==1.22.0 \
    --hash=sha256:1d0a2bdb15eb2b3cb65c438f3423d9620d14fdce32f92380e6bb1b2e09568ef5 \
    --hash=sha256:239958534464612fbcb6ed23d5228aaa925b39b8773f58726809ffdccb4edd1c \
    --hash=sha256:2d8f229a553fa440fe623ed7b36fca5e7762da3af871c3f8f8ce451df73e2914 \
    --hash=sha256:596fbf0490947533c1c1045ba860851dc9fb77471023dac9a71ba5b42ceab103 \
    --hash=sha256:72ccebab3bac07215c204ce8848d42e78eaaa666badbf72d25cd359b9f269e3a \
    --hash=sha256:82e9f27fc1223cb06d68a56bed6f9d3caf3d0dad1b61bce45006d529b15bd94c \
    --hash=sha256:8561a2c00041c07e08db0c228593b5b4694100398685f348532af7dbb84189da \
    --hash=sha256:8907b9b9389893bc0dc6314cc00ee1e3a69844e48d689eacc6a0340411a7da58 \
    --hash=sha256:955e02e1f6d385b53d52f9cd7b9cdf5caf417c300bcfe3c64c6d542be763845b \
    --hash=sha256:a1a89a7cb9ba13d78f009bdec448ec82a98972589734f157022a2bff7a5973a6 \
    --hash=sha256:ae5a563f281cd9d2845622cecf6c092a57e4ee1b138f66fdbbdd4200567a5e16 \
    --hash=sha256:cc8b66b312f8f03a53e268afb67180a2d97dd12cc79e2b61361c6c0073448016 \
    --hash=sha256:ef40c0aaf0b643857ea9306fc7eddce17eaf9fb0407e4801f1fc5758443a38e0 \
    --hash=sha256:f3c120dcdb70ad738f3c061b32798f408ea299eb69f84dd69ab4a6bf3c2ec01f
    # via aerorl-3d
onnxruntime==1.29.0 \
    --hash=sha256:07c5907474dec4a2792fd7626b753dc66707808385a6d9eecf993db0066a9d0f \
    --hash=sha256:0d4f427afac434b0070fe992b540ddf20a7aff2265f760f314d91331935b6b98 \
    --hash=sha256:16925ef8497e2c07e4b5ae15b504079b3ab3f65e22c58efd10dde0f3caea969a \
    --hash=sha256:4eae472cf7dc3107dec1bb53cd6d142d1964616d08aae48654cd4254b2363c4b \
    --hash=sha256:85f8e8406c52658735fe5c7fbfd3ebaa1ed340768324f6252e4274e374580a23
    # via aerorl-3d
packageurl-python==0.17.6 \
    --hash=sha256:1252ce3a102372ca6f86eb968e16f9014c4ba511c5c37d95a7f023e2ca6e5c25 \
    --hash=sha256:31a85c2717bc41dd818f3c62908685ff9eebcb68588213745b14a6ee9e7df7c9
    # via cyclonedx-python-lib
packaging==26.3 \
    --hash=sha256:94edc256424af38762eb31306eed28beb9f0efc50a8837492c9d6fd6004aed79 \
    --hash=sha256:d7193f7c8e4e93f444fde0262bf90af30e16fa0ad0ad44cb553c87339b23cd1c
    # via
    #   onnxruntime
    #   pip-audit
    #   pip-requirements-parser
    #   plotly
    #   pytest
    #   tensorboard
pathspec==1.1.1 \
    --hash=sha256:17db5ecd524104a120e173814c90367a96a98d07c45b2e10c2f3919fff91bf5a \
    --hash=sha256:a00ce642f577bf7f473932318056212bc4f8bfdf53128c78bbd5af0b9b20b189
    # via mypy
pillow==12.3.0 \
    --hash=sha256:00808c5e14ef63ac5161091d242999076604ff74b883423a11e5d7bbb38bf756 \
    --hash=sha256:04f01d28a6aaff387bf842a13be313df23ba0597a44f1a976c9feb3c6ff4711a \
    --hash=sha256:10e41f0fbf1eec8cfd234b8fe17a4caac7c9d0db4c204d3c173a8f9f6ef3232b \
    --hash=sha256:236ff70b9312fb68943c703aa842ca6a758abfa45ac187a5e7c1452e96ef72b5 \
    --hash=sha256:23d27a3e0307ec2244cc51e7287b919aa68d097504ebe19df4e76a98a3eea5bd \
    --hash=sha256:37d6d0a00072fd2948eb22bce7e1475f34569d90c87c59f7a2ec59541b77f7a6 \
    --hash=sha256:3b8182a766685eaa002637e28b4ec8d6b18819a0c71f579bf0dbaa5830297cce \
    --hash=sha256:4f883547d4b7f0495ebe7056b0cc2aea76094e7a4abc8e933540f3271df27d9c \
    --hash=sha256:8e95e1385e4998ae9694eeaa4730ba5457ff61185b3a55e2e7bea0880aef452a \
    --hash=sha256:b343699e8308bdc51978310e1c959c584e7869cc8c40780058c87da7781a1e94 \
    --hash=sha256:b3c777e849237620b022f7f297dd67705f9f5cf1685f09f02e46f93e92725468 \
    --hash=sha256:bcb46e2f9feff8d06323983bd83ed00c201fdcab3d74973e7072a889b3979fcd \
    --hash=sha256:e7e480451b9fa137494bccd3a7d69adbe8ac65a87d97be61e11f1b1050a5bac3 \
    --hash=sha256:ebaea975e03d3141d9d3a507df75c9b3ec90fa9d2ffd07567b3a978d9d790b26 \
    --hash=sha256:fbd139c8447d25dd750ab79ee274cc5e1fe80fc56340ab10b18a195e1b6eca3e
    # via tensorboard
pip==26.2.1 \
    --hash=sha256:71138adf1f4ca900cdb7d289c21b7494329f2332b6d85f0e1c42108c0384ed3e \
    --hash=sha256:f6ad667e89a1fe78046c8f13232b247200f5258d7828f3f7883d660878e0813f
    # via pip-api
pip-api==0.0.34 \
    --hash=sha256:8b2d7d7c37f2447373aa2cf8b1f60a2f2b27a84e1e9e0294a3f6ef10eb3ba6bb \
    --hash=sha256:9b75e958f14c5a2614bae415f2adf7eeb54d50a2cfbe7e24fd4826471bac3625
    # via pip-audit
pip-audit==2.10.1 \
    --hash=sha256:1eb4565d19ebe5d48996f4b770b4d2b32887e12cb12cfa637f1a064011b55ffc \
    --hash=sha256:99ef3f600a317c1945f1e89e227ef26e1c2d618429b8bd3fa6f4f7c440c4611a
pip-requirements-parser==32.0.1 \
    --hash=sha256:4659bc2a667783e7a15d190f6fccf8b2486685b6dba4c19c3876314769c57526 \
    --hash=sha256:b4fa3a7a0be38243123cf9d1f3518da10c51bdb165a2b2985566247f9155a7d3
    # via pip-audit
platformdirs==4.11.7 \
    --hash=sha256:4f41487eeeeeb07f3a6625e61d9bc0ae6809f92d3386dbd74392fbb76108104d \
    --hash=sha256:8a02cb259042c79d1cd0450facc2fe6dc9d303ae7901afbe33bf8ea0b188cef6
    # via
    #   jupyter-core
    #   pip-audit
plotly==6.6.0 \
    --hash=sha256:8d6daf0f87412e0c0bfe72e809d615217ab57cc715899a1e5145135a7800d1d0 \
    --hash=sha256:b897f15f3b02028d69f755f236be890ba950d0a42d7dfc619b44e2d8cea8748c
    # via aerorl-3d
pluggy==1.6.0 \
    --hash=sha256:7dcc130b76258d33b90f61b658791dede3486c3e6bfb003ee5c9bfb396dd22f3 \
    --hash=sha256:e920276dd6813095e9377c0bc5566d94c932c33b27a3e3945d8389c374dd4746
    # via pytest
protobuf==7.36.1 \
    --hash=sha256:0b53ce95272aad50ad25d7ff03373743209822e8ba42ea7fad27d2bee1547d00 \
    --hash=sha256:39c518c05586c016d7874ff6079ee115bcec1ea5fbb1d177fbf7867ef4c67e44 \
    --hash=sha256:3cf2ee25d006cee57294a1196ea43b37feb78e0dcd1e8af5c1aeddb777655aca \
    --hash=sha256:43d3d37b1eb24c113b9b7d02008cac44e423f00b611b7781ae998d7623972969 \
    --hash=sha256:51139351435d9b43d88a55eaa49fb6f737fbb478fb0cbf2cf694d1a04a9d3363 \
    --hash=sha256:7d951e46b3f963d6c264c367c437921de9d5aedd9c3f9612b9077736b4e3ad5c \
    --hash=sha256:97198b77e369a0abd8e262b8f6c7266c55ddb796a3a12c76d7b8881188ed83aa \
    --hash=sha256:d0f6470f0ce2b84e3feaea2d4b816378b37ba4d4aa08a274305373de93e2d524
    # via
    #   onnx
    #   onnxruntime
    #   tensorboard
py-serializable==2.1.0 \
    --hash=sha256:9d5db56154a867a9b897c0163b33a793c804c80cee984116d02d49e4578fc103 \
    --hash=sha256:b56d5d686b5a03ba4f4db5e769dc32336e142fc3bd4d68a8c25579ebb0a67304
    # via cyclonedx-python-lib
pygments==2.21.0 \
    --hash=sha256:2363c69b61c4a97c838da3b130dcd6468f4848992b21a82f2a63ec34377137d9 \
    --hash=sha256:610ca751c9bc2492b38eb9a38a7fbc93edbbb2d7182edaf34e66ae493dee5c8c
    # via
    #   pytest
    #   rich
pyparsing==3.3.2 \
    --hash=sha256:850ba148bd908d7e2411587e247a1e4f0327839c40e2e5e6d05a007ecc69911d \
    --hash=sha256:c777f4d763f140633dcb6d8a3eda953bf7a214dc4eff598413c070bcdc117cbc
    # via pip-requirements-parser
pytest==9.1.1 \
    --hash=sha256:1088fbde8f2b49d95a549a195707afa7a76a3ce9bcadc26b6d71f0ffda5fe313 \
    --hash=sha256:37a86b45efb9a47a61a36449063e8e18d0cab3161329fc099eb21783169c4f0c
python-dateutil==2.9.0.post0 \
    --hash=sha256:37dd54208da7e1cd875388217d5e00ebd4179249f90fb72437e91a35459a0ad3 \
    --hash=sha256:a8b2bc7bffae282281c8140a97d3aa9c14da0b136dfe83f850eea9a5f7470427
    # via arrow
referencing==0.37.0 \
    --hash=sha256:381329a9f99628c9069361716891d34ad94af76e461dcb0335825aecc7692231 \
    --hash=sha256:44aefc3142c5b842538163acb373e24cce6632bd54bdb01b21ad5863489f50d8
    # via
    #   aerorl-3d
    #   jsonschema
    #   jsonschema-specifications
    #   types-jsonschema
requests==2.34.2 \
    --hash=sha256:2a0d60c172f83ac6ab31e4554906c0f3b3588d37b5cb939b1c061f4907e278e0 \
    --hash=sha256:f288924cae4e29463698d6d60bc6a4da69c89185ad1e0bcc4104f584e960b9ed
    # via
    #   cachecontrol
    #   pip-audit
rfc3339-validator==0.1.4 \
    --hash=sha256:138a2abdf93304ad60530167e51d2dfb9549521a836871b88d7f4695d0022f6b \
    --hash=sha256:24f6ec1eda14ef823da9e36ec7113124b39c04d50a4d3d3a3c2859577e7791fa
    # via jsonschema
rfc3987==1.3.8 \
    --hash=sha256:10702b1e51e5658843460b189b185c0366d2cf4cff716f13111b0ea9fd2dce53 \
    --hash=sha256:d3c4d257a560d544e9826b38bc81db676890c79ab9d7ac92b39c7a253d5ca733
    # via jsonschema
rich==15.0.0 \
    --hash=sha256:33bd4ef74232fb73fe9279a257718407f169c09b78a87ad3d296f548e27de0bb \
    --hash=sha256:edd07a4824c6b40189fb7ac9bc4c52536e9780fbbfbddf6f1e2502c31b068c36
    # via pip-audit
rpds-py==2026.6.3 \
    --hash=sha256:127e08c0642d880cf32ca47ec2a4a77b901f7e2dd1ad9762adb13955d72ffcc9 \
    --hash=sha256:168c733a7112e071bb7a66460e667edfcff06c017a3c523f7a8a8e08d0140804 \
    --hash=sha256:1cebd1337c242e4ec2293e541f712b2da849b29f48f0c293684b71c0632625d4 \
    --hash=sha256:1e5822dfc2f0d4ab7e745eaa6d85945069329beeccef965af3f3bb26058fcab6 \
    --hash=sha256:2bfd04c19ddbd6640de0b51894d764bd2758854d5b75bd102d2ef10cb9c293a9 \
    --hash=sha256:2c54a076ca4d370980ab57bc0e31df57bbe8d41340436a90ef8b1219a3cbb127 \
    --hash=sha256:30c6dc199b24a5e3e81d50da0f00858c5bbdb2617a750395687f4339c5818171 \
    --hash=sha256:3a83ae6c67b7676b9878378547ca8e93ed77a580037bcbcd1d32f739e1e6089c \
    --hash=sha256:421aba32367055614287a4292b6a17f1939c9452299f7a0209c117e990b646d4 \
    --hash=sha256:4cf2d36a2357e4d07bb5a4f98801265327b48256867816cfd2ceb001e9754a8f \
    --hash=sha256:5e8d07bddee435a2ff6f1920e18feff28d0bc4533e42f4bf6927fbd073312c41 \
    --hash=sha256:7b689145a1485c335569bd056464f3243a29af7ed3871c7be31ad624ba239bc7 \
    --hash=sha256:7f88d653e7b3b779d71ae7454e20dcc9b6bae903f33c269db9f2be41bda3f261 \
    --hash=sha256:83e35b57523816c8613fd0776b40cd8bb9f596b37ddd2692eb4a6bb5ab2f8c93 \
    --hash=sha256:8bb68f03f395eb793220b45c097bd4d8c32944393da0fad8b999efac0868fc8c \
    --hash=sha256:8d2294a31386bfa251d8c8a39472beee17db67d4f1a6eabea665d35c9a4461c3 \
    --hash=sha256:8e65860d238379ed982fd9ba690579b5e95af2f4840f99c772816dbe573cb826 \
    --hash=sha256:9891e594296ab9dada6551c8e7b387b2721f27a67eecd528412e8906247a7b90 \
    --hash=sha256:9c1255b302953c86a486b81d330d5ee1d5bd937691ce271b6be0ef0e299eaab7 \
    --hash=sha256:a3450b693fde92133e9f51060568a4c31fcca76d5e53bbd611e689ca446517e9 \
    --hash=sha256:acc992ab27b15f852c76755eb2ab7dce86585ddadba6fa5946e58556088845b4 \
    --hash=sha256:b5c2dc92304aa48a4a60443b548bb12f12e119d4b72f314015e67b9e1be97fca \
    --hash=sha256:ca6546b66be9dc4738b1b043d5ebd5488c66c578c5ff0fd0e8065313fe3afb76 \
    --hash=sha256:db08f45aecde626498fb3df07bcf6d2ec040af42e859a4f5040d79c200342911 \
    --hash=sha256:de3eceba0b683bcbb1ab93da016d0270df1f9ae7be716b40214c5dafac6ea45a \
    --hash=sha256:dfcc8b909769d19db55c7cc9541eb64b9b774b1057ffffb4f1048070475bb9f9 \
    --hash=sha256:e52655eaf81e32593abedaa4bfe33170c8cfedf3365ed9be6e11e07f148f0278 \
    --hash=sha256:f8f23ead891a3b762f35ab3b04623da7056545b48aa60d59957e6789914545da
    # via
    #   jsonschema
    #   referencing
ruff==0.16.6 \
    --hash=sha256:0700580ed5303723cb3c11c2f1d2a8913ce77b7ea86646dddb887f5417a9ba70 \
    --hash=sha256:0b87d9d16fcb63e8018423ca1d50b7260f15cb2da33e30db4baad4183a948c25 \
    --hash=sha256:10d21c51c3495d8eaea7b703a16592117ea6eb1d649e36335aa965ff1173eb39 \
    --hash=sha256:15f1d0b6e165a6e56567befb6629f8209271311d990bae0f37e6d065035ef5f3 \
    --hash=sha256:31b36f1e5ad85e0737f09d2be4e512e2e283583c14015da3b9dc07359ac0fc88 \
    --hash=sha256:56a67065e22efa6bc4d498299d3bb06c0c90aace8fac2068b5a12f9dc4d8d51d \
    --hash=sha256:61029b4ab4aa723fd3064fab96b1d814492596bf0c792679fffcbde1e1679953 \
    --hash=sha256:61c368c26bf8e973e5ab14a2772de587bc068ea3f9a277f673380749b4898fb8 \
    --hash=sha256:65a006baa18f33324325814c864daef03541d51564b98c517610ea756ab7003e \
    --hash=sha256:7a976c79b958f94e50a022a19f0f8c87387448020935ec14fc74331bd0a7f2c5 \
    --hash=sha256:7fbf89013f2bb3f6835a6038ff658dc8a1b38c98dc8e724b964168ad4e881876 \
    --hash=sha256:99b62ea33baf130f50368798d841f0d95527b6d817bf31817b65dd058f1d314c \
    --hash=sha256:9ac8998457832c2061709d900856b7ad271dace0cb41f346588d540162bfa718 \
    --hash=sha256:cd02a7bf1a21a8735228a3e8c95a9dc5cf86bd2a52194f4aaae2a5755b4de0f4 \
    --hash=sha256:d72c591a96986ee4268860e2b7235082129ca5e4cb9cbba653a4b57c11893757 \
    --hash=sha256:dcf8a73d2ff77e99dde91244b4da16feba7f14e6beeb4015dee7c5a909e99050 \
    --hash=sha256:e25cc89174874b176a157e4428d66761c2c0c006654419bf384f967f361ff1b1 \
    --hash=sha256:ecf4f068e2e123e43a26e9db4e19524cc56563912404e83bbfca375757e45a32
setuptools==84.0.0 \
    --hash=sha256:51a52592b3b99e102b609654876bd65f19f999935166d1352678931132b0c670 \
    --hash=sha256:f4695c21257f0d9b537ec2692c941d02ee143b7cc1276941349a546573b2ef73
    # via
    #   tensorboard
    #   torch
six==1.17.0 \
    --hash=sha256:4721f391ed90541fddacab5acf947aa0d3dc7d27b2e1e8eda2be8970586c3274 \
    --hash=sha256:ff70335d468e7eb6ec65b95b99d3a2836546063f63acc5171de367e834932a81
    # via
    #   python-dateutil
    #   rfc3339-validator
sortedcontainers==2.4.0 \
    --hash=sha256:25caa5a06cc30b6b83d11423433f65d1f9d76c4c6a0c90e3379eaa43b9bfdb88 \
    --hash=sha256:a163dcaede0f1c021485e957a39245190e74249897e2ae4b2aa38595db237ee0
    # via cyclonedx-python-lib
stable-baselines3==2.9.0 \
    --hash=sha256:92b46c6099a0e8f99163ff09e26729e4d0a68b33dc8598626ca13ade3c0b3a61 \
    --hash=sha256:95f39a473dce081d1abe31acaf7cee446dcf223dcd74093d6ea460bc37e2e748
    # via aerorl-3d
sympy==1.14.0 \
    --hash=sha256:d3d3fe8df1e5a0b42f0e7bdf50541697dbe7d23746e894990c030e2b05e72517 \
    --hash=sha256:e091cc3e99d2141a0ba2847328f5479b05d94a6635cb96148ccb3f34671bd8f5
    # via torch
tensorboard==2.21.0 \
    --hash=sha256:7279316dcb6bd5bc391d623dea841531299cde1887310e8133bc34a996d32255
    # via aerorl-3d
tensorboard-data-server==0.7.2 \
    --hash=sha256:7e0610d205889588983836ec05dc098e80f97b7e7bbff7e994ebb78f578d0ddb \
    --hash=sha256:9fe5d24221b29625dbc7328b0436ca7fc1c23de4acf4d272f1180856e32f9f60 \
    --hash=sha256:ef687163c24185ae9754ed5650eb5bc4d84ff257aabdc33f0cc6f74d8ba54530
    # via tensorboard
tomli==2.4.1 \
    --hash=sha256:0d85819802132122da43cb86656f8d1f8c6587d54ae7dcaf30e90533028b49fe \
    --hash=sha256:47149d5bd38761ac8be13a84864bf0b7b70bc051806bc3669ab1cbc56216b23c \
    --hash=sha256:4ab97e64ccda8756376892c53a72bd1f964e519c77236368527f758fbc36a53a \
    --hash=sha256:5a881ab208c0baf688221f8cecc5401bd291d67e38a1ac884d6736cbcd8247e9 \
    --hash=sha256:5ee18d9ebdb417e384b58fe414e8d6af9f4e7a0ae761519fb50f721de398dd4e \
    --hash=sha256:7c7e1a961a0b2f2472c1ac5b69affa0ae1132c39adcb67aba98568702b9cc23f \
    --hash=sha256:96481a5786729fd470164b47cdb3e0e58062a496f455ee41b4403be77cb5a076 \
    --hash=sha256:c2541745709bad0264b7d4705ad453b76ccd191e64aa6f0fc66b69a293a45ece \
    --hash=sha256:ec9bfaf3ad2df51ace80688143a6a4ebc09a248f6ff781a9945e51937008fcbc \
    --hash=sha256:f8f0fc26ec2cc2b965b7a3b87cd19c5c6b8c5e5f436b984e85f486d652285c30 \
    --hash=sha256:ff2983983d34813c1aeb0fa89091e76c3a22889ee83ab27c5eeb45100560c049
    # via pip-audit
tomli-w==1.2.0 \
    --hash=sha256:188306098d013b691fcadc011abd66727d3c414c571bb01b1a174ba8c983cf90 \
    --hash=sha256:2dd14fac5a47c27be9cd4c976af5a12d87fb1f0b4512f81d69cce3b35ae25021
    # via pip-audit
torch==2.14.0 \
    --hash=sha256:4dbea8a10d80b10dff2be1ed467d2617b704fe6bf76bbfad4194774c8f6d886b \
    --hash=sha256:6981872df75eb5409c439050d36b67cb57d88b4e11080516e2aa7410f6730705 \
    --hash=sha256:8d9e232b6376c62f3090237889fb1cb6887c0ece9f73e6c1052e80fc1481f999 \
    --hash=sha256:ae530ddd3f3b94248b77f1fd3313c4f3405bd0d17283d505b81574816767133a
    # via
    #   aerorl-3d
    #   stable-baselines3
traitlets==5.16.1 \
    --hash=sha256:ed900c2b631aa3a112811139fa97b8d2c3bad5e989656bba4b7e52c7852c18c1 \
    --hash=sha256:f775618166caa0396c8e337099240f2bd3e5e917d203b2e6fbe21a58d3cb1f6b
    # via
    #   jupyter-core
    #   nbformat
triton==3.8.0 ; sys_platform == 'linux' \
    --hash=sha256:372285307d4c44ee74cee32de0b4f04bd157e071427e38c6f4ee3e3beb2194f4 \
    --hash=sha256:68988ac85d5e7086baeda0ddc175af9667db7529b3c5e11a5c0601b8bef2200a
    # via torch
types-jsonschema==4.26.0.20260518 \
    --hash=sha256:30b30a518c7fe335df85c919fcbcc631b69c03d4a4b5b632fa916bea03065307 \
    --hash=sha256:e1dd53dc97a64f5eccdd6fa9839666e09bb500a8ebba2db6fdaf1789faea81a6
typing-extensions==4.16.0 \
    --hash=sha256:481caa481374e813c1b176ada14e97f1f67a4539ce9cfeb3f350d78d6370c2e8 \
    --hash=sha256:dc983d19a509c94dba722ee6abd33940f7c05a89e243c47e907eb4db6f1a43e5
    # via
    #   cyclonedx-python-lib
    #   grpcio
    #   gymnasium
    #   mypy
    #   onnx
    #   referencing
    #   torch
tzdata==2026.3 \
    --hash=sha256:4a1518b8993086a7982523e071643f3c0e5f213e75b21318e78bcabfff9d1415 \
    --hash=sha256:dc096730c87af6cab1b171c9d532be840741ff5d459015e7f6947bd7d7e54931
    # via arrow
uri-template==1.3.0 \
    --hash=sha256:0e00f8eb65e18c7de20d595a14336e9f337ead580c70934141624b6d1ffdacc7 \
    --hash=sha256:a44a133ea12d44a0c0f06d7d42a52d71282e77e2f937d8abd5655b8d56fc1363
    # via jsonschema
urllib3==2.7.0 \
    --hash=sha256:231e0ec3b63ceb14667c67be60f2f2c40a518cb38b03af60abc813da26505f4c \
    --hash=sha256:9fb4c81ebbb1ce9531cce37674bbc6f1360472bc18ca9a553ede278ef7276897
    # via requests
webcolors==25.10.0 \
    --hash=sha256:032c727334856fc0b968f63daa252a1ac93d33db2f5267756623c210e57a4f1d \
    --hash=sha256:62abae86504f66d0f6364c2a8520de4a0c47b80c03fc3a5f1815fedbef7c19bf
    # via jsonschema
werkzeug==3.1.8 \
    --hash=sha256:63a77fb8892bf28ebc3178683445222aa500e48ebad5ec77b0ad80f8726b1f50 \
    --hash=sha256:9bad61a4268dac112f1c5cd4630a56ede601b6ed420300677a869083d70a4c44
    # via tensorboard
